
Microsoft Visual Studio Solution File, Format Version 12.00
# Visual Studio Version 17
VisualStudioVersion = 17.11.35219.272
MinimumVisualStudioVersion = 10.0.40219.1
Project("{FAE04EC0-301F-11D3-BF4B-00C04F79EFBC}") = "Produtos", "Produtos\Produtos.csproj", "{0F931369-9542-4CA8-B7EC-AB894DFA2D01}"
EndProject
Global
	GlobalSection(SolutionConfigurationPlatforms) = preSolution
		Debug|Any CPU = Debug|Any CPU
		Release|Any CPU = Release|Any CPU
	EndGlobalSection
	GlobalSection(ProjectConfigurationPlatforms) = postSolution
		{0F931369-9542-4CA8-B7EC-AB894DFA2D01}.Debug|Any CPU.ActiveCfg = Debug|Any CPU
		{0F931369-9542-4CA8-B7EC-AB894DFA2D01}.Debug|Any CPU.Build.0 = Debug|Any CPU
		{0F931369-9542-4CA8-B7EC-AB894DFA2D01}.Release|Any CPU.ActiveCfg = Release|Any CPU
		{0F931369-9542-4CA8-B7EC-AB894DFA2D01}.Release|Any CPU.Build.0 = Release|Any CPU
	EndGlobalSection
	GlobalSection(SolutionProperties) = preSolution
		HideSolutionNode = FALSE
	EndGlobalSection
	GlobalSection(ExtensibilityGlobals) = postSolution
		SolutionGuid = {F3EDDA9C-5D57-4A99-9D00-F0D2E6732B40}
	EndGlobalSection
EndGlobal
